
Microsoft Visual Studio Solution File, Format Version 12.00
# Visual Studio 15
VisualStudioVersion = 15.0.28307.421
MinimumVisualStudioVersion = 10.0.40219.1
Project("{FAE04EC0-301F-11D3-BF4B-00C04F79EFBC}") = "MyFavoriteStuff", "MyFavoriteStuff\MyFavoriteStuff.csproj", "{69221CC9-E131-4F91-8F15-B2D7985B2E63}"
EndProject
Global
	GlobalSection(SolutionConfigurationPlatforms) = preSolution
		Debug|Any CPU = Debug|Any CPU
		Release|Any CPU = Release|Any CPU
	EndGlobalSection
	GlobalSection(ProjectConfigurationPlatforms) = postSolution
		{69221CC9-E131-4F91-8F15-B2D7985B2E63}.Debug|Any CPU.ActiveCfg = Debug|Any CPU
		{69221CC9-E131-4F91-8F15-B2D7985B2E63}.Debug|Any CPU.Build.0 = Debug|Any CPU
		{69221CC9-E131-4F91-8F15-B2D7985B2E63}.Release|Any CPU.ActiveCfg = Release|Any CPU
		{69221CC9-E131-4F91-8F15-B2D7985B2E63}.Release|Any CPU.Build.0 = Release|Any CPU
	EndGlobalSection
	GlobalSection(SolutionProperties) = preSolution
		HideSolutionNode = FALSE
	EndGlobalSection
	GlobalSection(ExtensibilityGlobals) = postSolution
		SolutionGuid = {5233C857-811B-4389-BBA7-0D2A6F7940F4}
	EndGlobalSection
EndGlobal
